
Microsoft Visual Studio Solution File, Format Version 12.00
# Visual Studio Version 17
VisualStudioVersion = 17.14.36811.4 d17.14
MinimumVisualStudioVersion = 10.0.40219.1
Project("{FAE04EC0-301F-11D3-BF4B-00C04F79EFBC}") = "BroyniSystem", "BroyniSystem\BroyniSystem.csproj", "{69DA5D7B-869D-4947-8A1E-45129C0D0A05}"
EndProject
Global
	GlobalSection(SolutionConfigurationPlatforms) = preSolution
		Debug|Any CPU = Debug|Any CPU
		Release|Any CPU = Release|Any CPU
	EndGlobalSection
	GlobalSection(ProjectConfigurationPlatforms) = postSolution
		{69DA5D7B-869D-4947-8A1E-45129C0D0A05}.Debug|Any CPU.ActiveCfg = Debug|Any CPU
		{69DA5D7B-869D-4947-8A1E-45129C0D0A05}.Debug|Any CPU.Build.0 = Debug|Any CPU
		{69DA5D7B-869D-4947-8A1E-45129C0D0A05}.Release|Any CPU.ActiveCfg = Release|Any CPU
		{69DA5D7B-869D-4947-8A1E-45129C0D0A05}.Release|Any CPU.Build.0 = Release|Any CPU
	EndGlobalSection
	GlobalSection(SolutionProperties) = preSolution
		HideSolutionNode = FALSE
	EndGlobalSection
	GlobalSection(ExtensibilityGlobals) = postSolution
		SolutionGuid = {7F626D57-F8EE-4427-8870-D2210D575C8E}
	EndGlobalSection
EndGlobal
